
Microsoft Visual Studio Solution File, Format Version 12.00
# Visual Studio Version 16
VisualStudioVersion = 16.0.29509.3
MinimumVisualStudioVersion = 10.0.40219.1
Project("{8BC9CEB8-8B4A-11D0-8D11-00A0C91BC942}") = "Task1", "Task1\Task1.vcxproj", "{8C83AEEC-48E2-4B38-9CBA-0F814BC07973}"
EndProject
Project("{8BC9CEB8-8B4A-11D0-8D11-00A0C91BC942}") = "Task2", "Task2\Task2.vcxproj", "{4E304B43-8A6C-471A-A726-ABF04F82E6B0}"
EndProject
Project("{8BC9CEB8-8B4A-11D0-8D11-00A0C91BC942}") = "Task3(AVL tree)", "Task3(AVL tree)\Task3(AVL tree).vcxproj", "{994094DE-AD9F-4607-95C0-32CCFB6A1D55}"
EndProject
Project("{FAE04EC0-301F-11D3-BF4B-00C04F79EFBC}") = "Task1(Generic)", "Task1(Generic)\Task1(Generic).csproj", "{4257BA61-5CE5-4FAB-837A-E3DB43C6FCF5}"
EndProject
Project("{FAE04EC0-301F-11D3-BF4B-00C04F79EFBC}") = "Task2(Generic)", "Task2(Generic)\Task2(Generic).csproj", "{1B619E57-0287-4DAB-A6CF-6EF3EAF3BA48}"
EndProject
Project("{FAE04EC0-301F-11D3-BF4B-00C04F79EFBC}") = "Task3(Generic)", "Task3(Generic)\Task3(Generic).csproj", "{8479C7A8-35C1-4C5F-9C21-55237E2C1414}"
EndProject
Global
	GlobalSection(SolutionConfigurationPlatforms) = preSolution
		Debug|Any CPU = Debug|Any CPU
		Debug|x64 = Debug|x64
		Debug|x86 = Debug|x86
		Release|Any CPU = Release|Any CPU
		Release|x64 = Release|x64
		Release|x86 = Release|x86
	EndGlobalSection
	GlobalSection(ProjectConfigurationPlatforms) = postSolution
		{8C83AEEC-48E2-4B38-9CBA-0F814BC07973}.Debug|Any CPU.ActiveCfg = Debug|Win32
		{8C83AEEC-48E2-4B38-9CBA-0F814BC07973}.Debug|x64.ActiveCfg = Debug|x64
		{8C83AEEC-48E2-4B38-9CBA-0F814BC07973}.Debug|x64.Build.0 = Debug|x64
		{8C83AEEC-48E2-4B38-9CBA-0F814BC07973}.Debug|x86.ActiveCfg = Debug|Win32
		{8C83AEEC-48E2-4B38-9CBA-0F814BC07973}.Debug|x86.Build.0 = Debug|Win32
		{8C83AEEC-48E2-4B38-9CBA-0F814BC07973}.Release|Any CPU.ActiveCfg = Release|Win32
		{8C83AEEC-48E2-4B38-9CBA-0F814BC07973}.Release|x64.ActiveCfg = Release|x64
		{8C83AEEC-48E2-4B38-9CBA-0F814BC07973}.Release|x64.Build.0 = Release|x64
		{8C83AEEC-48E2-4B38-9CBA-0F814BC07973}.Release|x86.ActiveCfg = Release|Win32
		{8C83AEEC-48E2-4B38-9CBA-0F814BC07973}.Release|x86.Build.0 = Release|Win32
		{4E304B43-8A6C-471A-A726-ABF04F82E6B0}.Debug|Any CPU.ActiveCfg = Debug|Win32
		{4E304B43-8A6C-471A-A726-ABF04F82E6B0}.Debug|x64.ActiveCfg = Debug|x64
		{4E304B43-8A6C-471A-A726-ABF04F82E6B0}.Debug|x64.Build.0 = Debug|x64
		{4E304B43-8A6C-471A-A726-ABF04F82E6B0}.Debug|x86.ActiveCfg = Debug|Win32
		{4E304B43-8A6C-471A-A726-ABF04F82E6B0}.Debug|x86.Build.0 = Debug|Win32
		{4E304B43-8A6C-471A-A726-ABF04F82E6B0}.Release|Any CPU.ActiveCfg = Release|Win32
		{4E304B43-8A6C-471A-A726-ABF04F82E6B0}.Release|x64.ActiveCfg = Release|x64
		{4E304B43-8A6C-471A-A726-ABF04F82E6B0}.Release|x64.Build.0 = Release|x64
		{4E304B43-8A6C-471A-A726-ABF04F82E6B0}.Release|x86.ActiveCfg = Release|Win32
		{4E304B43-8A6C-471A-A726-ABF04F82E6B0}.Release|x86.Build.0 = Release|Win32
		{994094DE-AD9F-4607-95C0-32CCFB6A1D55}.Debug|Any CPU.ActiveCfg = Debug|Win32
		{994094DE-AD9F-4607-95C0-32CCFB6A1D55}.Debug|x64.ActiveCfg = Debug|x64
		{994094DE-AD9F-4607-95C0-32CCFB6A1D55}.Debug|x64.Build.0 = Debug|x64
		{994094DE-AD9F-4607-95C0-32CCFB6A1D55}.Debug|x86.ActiveCfg = Debug|Win32
		{994094DE-AD9F-4607-95C0-32CCFB6A1D55}.Debug|x86.Build.0 = Debug|Win32
		{994094DE-AD9F-4607-95C0-32CCFB6A1D55}.Release|Any CPU.ActiveCfg = Release|Win32
		{994094DE-AD9F-4607-95C0-32CCFB6A1D55}.Release|x64.ActiveCfg = Release|x64
		{994094DE-AD9F-4607-95C0-32CCFB6A1D55}.Release|x64.Build.0 = Release|x64
		{994094DE-AD9F-4607-95C0-32CCFB6A1D55}.Release|x86.ActiveCfg = Release|Win32
		{994094DE-AD9F-4607-95C0-32CCFB6A1D55}.Release|x86.Build.0 = Release|Win32
		{4257BA61-5CE5-4FAB-837A-E3DB43C6FCF5}.Debug|Any CPU.ActiveCfg = Debug|Any CPU
		{4257BA61-5CE5-4FAB-837A-E3DB43C6FCF5}.Debug|Any CPU.Build.0 = Debug|Any CPU
		{4257BA61-5CE5-4FAB-837A-E3DB43C6FCF5}.Debug|x64.ActiveCfg = Debug|Any CPU
		{4257BA61-5CE5-4FAB-837A-E3DB43C6FCF5}.Debug|x64.Build.0 = Debug|Any CPU
		{4257BA61-5CE5-4FAB-837A-E3DB43C6FCF5}.Debug|x86.ActiveCfg = Debug|Any CPU
		{4257BA61-5CE5-4FAB-837A-E3DB43C6FCF5}.Debug|x86.Build.0 = Debug|Any CPU
		{4257BA61-5CE5-4FAB-837A-E3DB43C6FCF5}.Release|Any CPU.ActiveCfg = Release|Any CPU
		{4257BA61-5CE5-4FAB-837A-E3DB43C6FCF5}.Release|Any CPU.Build.0 = Release|Any CPU
		{4257BA61-5CE5-4FAB-837A-E3DB43C6FCF5}.Release|x64.ActiveCfg = Release|Any CPU
		{4257BA61-5CE5-4FAB-837A-E3DB43C6FCF5}.Release|x64.Build.0 = Release|Any CPU
		{4257BA61-5CE5-4FAB-837A-E3DB43C6FCF5}.Release|x86.ActiveCfg = Release|Any CPU
		{4257BA61-5CE5-4FAB-837A-E3DB43C6FCF5}.Release|x86.Build.0 = Release|Any CPU
		{1B619E57-0287-4DAB-A6CF-6EF3EAF3BA48}.Debug|Any CPU.ActiveCfg = Debug|Any CPU
		{1B619E57-0287-4DAB-A6CF-6EF3EAF3BA48}.Debug|Any CPU.Build.0 = Debug|Any CPU
		{1B619E57-0287-4DAB-A6CF-6EF3EAF3BA48}.Debug|x64.ActiveCfg = Debug|Any CPU
		{1B619E57-0287-4DAB-A6CF-6EF3EAF3BA48}.Debug|x64.Build.0 = Debug|Any CPU
		{1B619E57-0287-4DAB-A6CF-6EF3EAF3BA48}.Debug|x86.ActiveCfg = Debug|Any CPU
		{1B619E57-0287-4DAB-A6CF-6EF3EAF3BA48}.Debug|x86.Build.0 = Debug|Any CPU
		{1B619E57-0287-4DAB-A6CF-6EF3EAF3BA48}.Release|Any CPU.ActiveCfg = Release|Any CPU
		{1B619E57-0287-4DAB-A6CF-6EF3EAF3BA48}.Release|Any CPU.Build.0 = Release|Any CPU
		{1B619E57-0287-4DAB-A6CF-6EF3EAF3BA48}.Release|x64.ActiveCfg = Release|Any CPU
		{1B619E57-0287-4DAB-A6CF-6EF3EAF3BA48}.Release|x64.Build.0 = Release|Any CPU
		{1B619E57-0287-4DAB-A6CF-6EF3EAF3BA48}.Release|x86.ActiveCfg = Release|Any CPU
		{1B619E57-0287-4DAB-A6CF-6EF3EAF3BA48}.Release|x86.Build.0 = Release|Any CPU
		{8479C7A8-35C1-4C5F-9C21-55237E2C1414}.Debug|Any CPU.ActiveCfg = Debug|Any CPU
		{8479C7A8-35C1-4C5F-9C21-55237E2C1414}.Debug|Any CPU.Build.0 = Debug|Any CPU
		{8479C7A8-35C1-4C5F-9C21-55237E2C1414}.Debug|x64.ActiveCfg = Debug|Any CPU
		{8479C7A8-35C1-4C5F-9C21-55237E2C1414}.Debug|x64.Build.0 = Debug|Any CPU
		{8479C7A8-35C1-4C5F-9C21-55237E2C1414}.Debug|x86.ActiveCfg = Debug|Any CPU
		{8479C7A8-35C1-4C5F-9C21-55237E2C1414}.Debug|x86.Build.0 = Debug|Any CPU
		{8479C7A8-35C1-4C5F-9C21-55237E2C1414}.Release|Any CPU.ActiveCfg = Release|Any CPU
		{8479C7A8-35C1-4C5F-9C21-55237E2C1414}.Release|Any CPU.Build.0 = Release|Any CPU
		{8479C7A8-35C1-4C5F-9C21-55237E2C1414}.Release|x64.ActiveCfg = Release|Any CPU
		{8479C7A8-35C1-4C5F-9C21-55237E2C1414}.Release|x64.Build.0 = Release|Any CPU
		{8479C7A8-35C1-4C5F-9C21-55237E2C1414}.Release|x86.ActiveCfg = Release|Any CPU
		{8479C7A8-35C1-4C5F-9C21-55237E2C1414}.Release|x86.Build.0 = Release|Any CPU
	EndGlobalSection
	GlobalSection(SolutionProperties) = preSolution
		HideSolutionNode = FALSE
	EndGlobalSection
	GlobalSection(ExtensibilityGlobals) = postSolution
		SolutionGuid = {4E70BE93-3EA8-4285-80F0-9AF1EB382004}
	EndGlobalSection
EndGlobal
